// !$*UTF8*$!
{
	archiveVersion = 1;
	classes = {
	};
	objectVersion = 56;
	objects = {

/* Begin PBXBuildFile section */
		004B8EB72AEDE02600C1CB54 /* testApp.swift in Sources */ = {isa = PBXBuildFile; fileRef = 004B8EB62AEDE02600C1CB54 /* testApp.swift */; };
		004B8EB92AEDE02600C1CB54 /* ContentView.swift in Sources */ = {isa = PBXBuildFile; fileRef = 004B8EB82AEDE02600C1CB54 /* ContentView.swift */; };
		004B8EBB2AEDE02A00C1CB54 /* Assets.xcassets in Resources */ = {isa = PBXBuildFile; fileRef = 004B8EBA2AEDE02A00C1CB54 /* Assets.xcassets */; };
		004B8EBE2AEDE02A00C1CB54 /* Preview Assets.xcassets in Resources */ = {isa = PBXBuildFile; fileRef = 004B8EBD2AEDE02A00C1CB54 /* Preview Assets.xcassets */; };
		004B8EC82AEDE02A00C1CB54 /* testTests.swift in Sources */ = {isa = PBXBuildFile; fileRef = 004B8EC72AEDE02A00C1CB54 /* testTests.swift */; };
		004B8ED22AEDE02A00C1CB54 /* testUITests.swift in Sources */ = {isa = PBXBuildFile; fileRef = 004B8ED12AEDE02A00C1CB54 /* testUITests.swift */; };
		004B8ED42AEDE02A00C1CB54 /* testUITestsLaunchTests.swift in Sources */ = {isa = PBXBuildFile; fileRef = 004B8ED32AEDE02A00C1CB54 /* testUITestsLaunchTests.swift */; };
/* End PBXBuildFile section */

/* Begin PBXContainerItemProxy section */
		004B8EC42AEDE02A00C1CB54 /* PBXContainerItemProxy */ = {
			isa = PBXContainerItemProxy;
			containerPortal = 004B8EAB2AEDE02600C1CB54 /* Project object */;
			proxyType = 1;
			remoteGlobalIDString = 004B8EB22AEDE02600C1CB54;
			remoteInfo = test;
		};
		004B8ECE2AEDE02A00C1CB54 /* PBXContainerItemProxy */ = {
			isa = PBXContainerItemProxy;
			containerPortal = 004B8EAB2AEDE02600C1CB54 /* Project object */;
			proxyType = 1;
			remoteGlobalIDString = 004B8EB22AEDE02600C1CB54;
			remoteInfo = test;
		};
/* End PBXContainerItemProxy section */

/* Begin PBXFileReference section */
		004B8EB32AEDE02600C1CB54 /* test.app */ = {isa = PBXFileReference; explicitFileType = wrapper.application; includeInIndex = 0; path = test.app; sourceTree = BUILT_PRODUCTS_DIR; };
		004B8EB62AEDE02600C1CB54 /* testApp.swift */ = {isa = PBXFileReference; lastKnownFileType = sourcecode.swift; path = testApp.swift; sourceTree = "<group>"; };
		004B8EB82AEDE02600C1CB54 /* ContentView.swift */ = {isa = PBXFileReference; lastKnownFileType = sourcecode.swift; path = ContentView.swift; sourceTree = "<group>"; };
		004B8EBA2AEDE02A00C1CB54 /* Assets.xcassets */ = {isa = PBXFileReference; lastKnownFileType = folder.assetcatalog; path = Assets.xcassets; sourceTree = "<group>"; };
		004B8EBD2AEDE02A00C1CB54 /* Preview Assets.xcassets */ = {isa = PBXFileReference; lastKnownFileType = folder.assetcatalog; path = "Preview Assets.xcassets"; sourceTree = "<group>"; };
		004B8EC32AEDE02A00C1CB54 /* testTests.xctest */ = {isa = PBXFileReference; explicitFileType = wrapper.cfbundle; includeInIndex = 0; path = testTests.xctest; sourceTree = BUILT_PRODUCTS_DIR; };
		004B8EC72AEDE02A00C1CB54 /* testTests.swift */ = {isa = PBXFileReference; lastKnownFileType = sourcecode.swift; path = testTests.swift; sourceTree = "<group>"; };
		004B8ECD2AEDE02A00C1CB54 /* testUITests.xctest */ = {isa = PBXFileReference; explicitFileType = wrapper.cfbundle; includeInIndex = 0; path = testUITests.xctest; sourceTree = BUILT_PRODUCTS_DIR; };
		004B8ED12AEDE02A00C1CB54 /* testUITests.swift */ = {isa = PBXFileReference; lastKnownFileType = sourcecode.swift; path = testUITests.swift; sourceTree = "<group>"; };
		004B8ED32AEDE02A00C1CB54 /* testUITestsLaunchTests.swift */ = {isa = PBXFileReference; lastKnownFileType = sourcecode.swift; path = testUITestsLaunchTests.swift; sourceTree = "<group>"; };
/* End PBXFileReference section */

/* Begin PBXFrameworksBuildPhase section */
		004B8EB02AEDE02600C1CB54 /* Frameworks */ = {
			isa = PBXFrameworksBuildPhase;
			buildActionMask = 2147483647;
			files = (
			);
			runOnlyForDeploymentPostprocessing = 0;
		};
		004B8EC02AEDE02A00C1CB54 /* Frameworks */ = {
			isa = PBXFrameworksBuildPhase;
			buildActionMask = 2147483647;
			files = (
			);
			runOnlyForDeploymentPostprocessing = 0;
		};
		004B8ECA2AEDE02A00C1CB54 /* Frameworks */ = {
			isa = PBXFrameworksBuildPhase;
			buildActionMask = 2147483647;
			files = (
			);
			runOnlyForDeploymentPostprocessing = 0;
		};
/* End PBXFrameworksBuildPhase section */

/* Begin PBXGroup section */
		004B8EAA2AEDE02600C1CB54 = {
			isa = PBXGroup;
			children = (
				004B8EB52AEDE02600C1CB54 /* test */,
				004B8EC62AEDE02A00C1CB54 /* testTests */,
				004B8ED02AEDE02A00C1CB54 /* testUITests */,
				004B8EB42AEDE02600C1CB54 /* Products */,
			);
			sourceTree = "<group>";
		};
		004B8EB42AEDE02600C1CB54 /* Products */ = {
			isa = PBXGroup;
			children = (
				004B8EB32AEDE02600C1CB54 /* test.app */,
				004B8EC32AEDE02A00C1CB54 /* testTests.xctest */,
				004B8ECD2AEDE02A00C1CB54 /* testUITests.xctest */,
			);
			name = Products;
			sourceTree = "<group>";
		};
		004B8EB52AEDE02600C1CB54 /* test */ = {
			isa = PBXGroup;
			children = (
				004B8EB62AEDE02600C1CB54 /* testApp.swift */,
				004B8EB82AEDE02600C1CB54 /* ContentView.swift */,
				004B8EBA2AEDE02A00C1CB54 /* Assets.xcassets */,
				004B8EBC2AEDE02A00C1CB54 /* Preview Content */,
			);
			path = test;
			sourceTree = "<group>";
		};
		004B8EBC2AEDE02A00C1CB54 /* Preview Content */ = {
			isa = PBXGroup;
			children = (
				004B8EBD2AEDE02A00C1CB54 /* Preview Assets.xcassets */,
			);
			path = "Preview Content";
			sourceTree = "<group>";
		};
		004B8EC62AEDE02A00C1CB54 /* testTests */ = {
			isa = PBXGroup;
			children = (
				004B8EC72AEDE02A00C1CB54 /* testTests.swift */,
			);
			path = testTests;
			sourceTree = "<group>";
		};
		004B8ED02AEDE02A00C1CB54 /* testUITests */ = {
			isa = PBXGroup;
			children = (
				004B8ED12AEDE02A00C1CB54 /* testUITests.swift */,
				004B8ED32AEDE02A00C1CB54 /* testUITestsLaunchTests.swift */,
			);
			path = testUITests;
			sourceTree = "<group>";
		};
/* End PBXGroup section */

/* Begin PBXNativeTarget section */
		004B8EB22AEDE02600C1CB54 /* test */ = {
			isa = PBXNativeTarget;
			buildConfigurationList = 004B8ED72AEDE02A00C1CB54 /* Build configuration list for PBXNativeTarget "test" */;
			buildPhases = (
				004B8EAF2AEDE02600C1CB54 /* Sources */,
				004B8EB02AEDE02600C1CB54 /* Frameworks */,
				004B8EB12AEDE02600C1CB54 /* Resources */,
			);
			buildRules = (
			);
			dependencies = (
			);
			name = test;
			productName = test;
			productReference = 004B8EB32AEDE02600C1CB54 /* test.app */;
			productType = "com.apple.product-type.application";
		};
		004B8EC22AEDE02A00C1CB54 /* testTests */ = {
			isa = PBXNativeTarget;
			buildConfigurationList = 004B8EDA2AEDE02A00C1CB54 /* Build configuration list for PBXNativeTarget "testTests" */;
			buildPhases = (
				004B8EBF2AEDE02A00C1CB54 /* Sources */,
				004B8EC02AEDE02A00C1CB54 /* Frameworks */,
				004B8EC12AEDE02A00C1CB54 /* Resources */,
			);
			buildRules = (
			);
			dependencies = (
				004B8EC52AEDE02A00C1CB54 /* PBXTargetDependency */,
			);
			name = testTests;
			productName = testTests;
			productReference = 004B8EC32AEDE02A00C1CB54 /* testTests.xctest */;
			productType = "com.apple.product-type.bundle.unit-test";
		};
		004B8ECC2AEDE02A00C1CB54 /* testUITests */ = {
			isa = PBXNativeTarget;
			buildConfigurationList = 004B8EDD2AEDE02A00C1CB54 /* Build configuration list for PBXNativeTarget "testUITests" */;
			buildPhases = (
				004B8EC92AEDE02A00C1CB54 /* Sources */,
				004B8ECA2AEDE02A00C1CB54 /* Frameworks */,
				004B8ECB2AEDE02A00C1CB54 /* Resources */,
			);
			buildRules = (
			);
			dependencies = (
				004B8ECF2AEDE02A00C1CB54 /* PBXTargetDependency */,
			);
			name = testUITests;
			productName = testUITests;
			productReference = 004B8ECD2AEDE02A00C1CB54 /* testUITests.xctest */;
			productType = "com.apple.product-type.bundle.ui-testing";
		};
/* End PBXNativeTarget section */

/* Begin PBXProject section */
		004B8EAB2AEDE02600C1CB54 /* Project object */ = {
			isa = PBXProject;
			attributes = {
				BuildIndependentTargetsInParallel = 1;
				LastSwiftUpdateCheck = 1500;
				LastUpgradeCheck = 1500;
				TargetAttributes = {
					004B8EB22AEDE02600C1CB54 = {
						CreatedOnToolsVersion = 15.0.1;
					};
					004B8EC22AEDE02A00C1CB54 = {
						CreatedOnToolsVersion = 15.0.1;
						TestTargetID = 004B8EB22AEDE02600C1CB54;
					};
					004B8ECC2AEDE02A00C1CB54 = {
						CreatedOnToolsVersion = 15.0.1;
						TestTargetID = 004B8EB22AEDE02600C1CB54;
					};
				};
			};
			buildConfigurationList = 004B8EAE2AEDE02600C1CB54 /* Build configuration list for PBXProject "test" */;
			compatibilityVersion = "Xcode 14.0";
			developmentRegion = en;
			hasScannedForEncodings = 0;
			knownRegions = (
				en,
				Base,
			);
			mainGroup = 004B8EAA2AEDE02600C1CB54;
			productRefGroup = 004B8EB42AEDE02600C1CB54 /* Products */;
			projectDirPath = "";
			projectRoot = "";
			targets = (
				004B8EB22AEDE02600C1CB54 /* test */,
				004B8EC22AEDE02A00C1CB54 /* testTests */,
				004B8ECC2AEDE02A00C1CB54 /* testUITests */,
			);
		};
/* End PBXProject section */

/* Begin PBXResourcesBuildPhase section */
		004B8EB12AEDE02600C1CB54 /* Resources */ = {
			isa = PBXResourcesBuildPhase;
			buildActionMask = 2147483647;
			files = (
				004B8EBE2AEDE02A00C1CB54 /* Preview Assets.xcassets in Resources */,
				004B8EBB2AEDE02A00C1CB54 /* Assets.xcassets in Resources */,
			);
			runOnlyForDeploymentPostprocessing = 0;
		};
		004B8EC12AEDE02A00C1CB54 /* Resources */ = {
			isa = PBXResourcesBuildPhase;
			buildActionMask = 2147483647;
			files = (
			);
			runOnlyForDeploymentPostprocessing = 0;
		};
		004B8ECB2AEDE02A00C1CB54 /* Resources */ = {
			isa = PBXResourcesBuildPhase;
			buildActionMask = 2147483647;
			files = (
			);
			runOnlyForDeploymentPostprocessing = 0;
		};
/* End PBXResourcesBuildPhase section */

/* Begin PBXSourcesBuildPhase section */
		004B8EAF2AEDE02600C1CB54 /* Sources */ = {
			isa = PBXSourcesBuildPhase;
			buildActionMask = 2147483647;
			files = (
				004B8EB92AEDE02600C1CB54 /* ContentView.swift in Sources */,
				004B8EB72AEDE02600C1CB54 /* testApp.swift in Sources */,
			);
			runOnlyForDeploymentPostprocessing = 0;
		};
		004B8EBF2AEDE02A00C1CB54 /* Sources */ = {
			isa = PBXSourcesBuildPhase;
			buildActionMask = 2147483647;
			files = (
				004B8EC82AEDE02A00C1CB54 /* testTests.swift in Sources */,
			);
			runOnlyForDeploymentPostprocessing = 0;
		};
		004B8EC92AEDE02A00C1CB54 /* Sources */ = {
			isa = PBXSourcesBuildPhase;
			buildActionMask = 2147483647;
			files = (
				004B8ED42AEDE02A00C1CB54 /* testUITestsLaunchTests.swift in Sources */,
				004B8ED22AEDE02A00C1CB54 /* testUITests.swift in Sources */,
			);
			runOnlyForDeploymentPostprocessing = 0;
		};
/* End PBXSourcesBuildPhase section */

/* Begin PBXTargetDependency section */
		004B8EC52AEDE02A00C1CB54 /* PBXTargetDependency */ = {
			isa = PBXTargetDependency;
			target = 004B8EB22AEDE02600C1CB54 /* test */;
			targetProxy = 004B8EC42AEDE02A00C1CB54 /* PBXContainerItemProxy */;
		};
		004B8ECF2AEDE02A00C1CB54 /* PBXTargetDependency */ = {
			isa = PBXTargetDependency;
			target = 004B8EB22AEDE02600C1CB54 /* test */;
			targetProxy = 004B8ECE2AEDE02A00C1CB54 /* PBXContainerItemProxy */;
		};
/* End PBXTargetDependency section */

/* Begin XCBuildConfiguration section */
		004B8ED52AEDE02A00C1CB54 /* Debug */ = {
			isa = XCBuildConfiguration;
			buildSettings = {
				ALWAYS_SEARCH_USER_PATHS = NO;
				ASSETCATALOG_COMPILER_GENERATE_SWIFT_ASSET_SYMBOL_EXTENSIONS = YES;
				CLANG_ANALYZER_NONNULL = YES;
				CLANG_ANALYZER_NUMBER_OBJECT_CONVERSION = YES_AGGRESSIVE;
				CLANG_CXX_LANGUAGE_STANDARD = "gnu++20";
				CLANG_ENABLE_MODULES = YES;
				CLANG_ENABLE_OBJC_ARC = YES;
				CLANG_ENABLE_OBJC_WEAK = YES;
				CLANG_WARN_BLOCK_CAPTURE_AUTORELEASING = YES;
				CLANG_WARN_BOOL_CONVERSION = YES;
				CLANG_WARN_COMMA = YES;
				CLANG_WARN_CONSTANT_CONVERSION = YES;
				CLANG_WARN_DEPRECATED_OBJC_IMPLEMENTATIONS = YES;
				CLANG_WARN_DIRECT_OBJC_ISA_USAGE = YES_ERROR;
				CLANG_WARN_DOCUMENTATION_COMMENTS = YES;
				CLANG_WARN_EMPTY_BODY = YES;
				CLANG_WARN_ENUM_CONVERSION = YES;
				CLANG_WARN_INFINITE_RECURSION = YES;
				CLANG_WARN_INT_CONVERSION = YES;
				CLANG_WARN_NON_LITERAL_NULL_CONVERSION = YES;
				CLANG_WARN_OBJC_IMPLICIT_RETAIN_SELF = YES;
				CLANG_WARN_OBJC_LITERAL_CONVERSION = YES;
				CLANG_WARN_OBJC_ROOT_CLASS = YES_ERROR;
				CLANG_WARN_QUOTED_INCLUDE_IN_FRAMEWORK_HEADER = YES;
				CLANG_WARN_RANGE_LOOP_ANALYSIS = YES;
				CLANG_WARN_STRICT_PROTOTYPES = YES;
				CLANG_WARN_SUSPICIOUS_MOVE = YES;
				CLANG_WARN_UNGUARDED_AVAILABILITY = YES_AGGRESSIVE;
				CLANG_WARN_UNREACHABLE_CODE = YES;
				CLANG_WARN__DUPLICATE_METHOD_MATCH = YES;
				COPY_PHASE_STRIP = NO;
				DEBUG_INFORMATION_FORMAT = dwarf;
				ENABLE_STRICT_OBJC_MSGSEND = YES;
				ENABLE_TESTABILITY = YES;
				ENABLE_USER_SCRIPT_SANDBOXING = YES;
				GCC_C_LANGUAGE_STANDARD = gnu17;
				GCC_DYNAMIC_NO_PIC = NO;
				GCC_NO_COMMON_BLOCKS = YES;
				GCC_OPTIMIZATION_LEVEL = 0;
				GCC_PREPROCESSOR_DEFINITIONS = (
					"DEBUG=1",
					"$(inherited)",
				);
				GCC_WARN_64_TO_32_BIT_CONVERSION = YES;
				GCC_WARN_ABOUT_RETURN_TYPE = YES_ERROR;
				GCC_WARN_UNDECLARED_SELECTOR = YES;
				GCC_WARN_UNINITIALIZED_AUTOS = YES_AGGRESSIVE;
				GCC_WARN_UNUSED_FUNCTION = YES;
				GCC_WARN_UNUSED_VARIABLE = YES;
				IPHONEOS_DEPLOYMENT_TARGET = 17.0;
				LOCALIZATION_PREFERS_STRING_CATALOGS = YES;
				MTL_ENABLE_DEBUG_INFO = INCLUDE_SOURCE;
				MTL_FAST_MATH = YES;
				ONLY_ACTIVE_ARCH = YES;
				SDKROOT = iphoneos;
				SWIFT_ACTIVE_COMPILATION_CONDITIONS = "DEBUG $(inherited)";
				SWIFT_OPTIMIZATION_LEVEL = "-Onone";
			};
			name = Debug;
		};
		004B8ED62AEDE02A00C1CB54 /* Release */ = {
			isa = XCBuildConfiguration;
			buildSettings = {
				ALWAYS_SEARCH_USER_PATHS = NO;
				ASSETCATALOG_COMPILER_GENERATE_SWIFT_ASSET_SYMBOL_EXTENSIONS = YES;
				CLANG_ANALYZER_NONNULL = YES;
				CLANG_ANALYZER_NUMBER_OBJECT_CONVERSION = YES_AGGRESSIVE;
				CLANG_CXX_LANGUAGE_STANDARD = "gnu++20";
				CLANG_ENABLE_MODULES = YES;
				CLANG_ENABLE_OBJC_ARC = YES;
				CLANG_ENABLE_OBJC_WEAK = YES;
				CLANG_WARN_BLOCK_CAPTURE_AUTORELEASING = YES;
				CLANG_WARN_BOOL_CONVERSION = YES;
				CLANG_WARN_COMMA = YES;
				CLANG_WARN_CONSTANT_CONVERSION = YES;
				CLANG_WARN_DEPRECATED_OBJC_IMPLEMENTATIONS = YES;
				CLANG_WARN_DIRECT_OBJC_ISA_USAGE = YES_ERROR;
				CLANG_WARN_DOCUMENTATION_COMMENTS = YES;
				CLANG_WARN_EMPTY_BODY = YES;
				CLANG_WARN_ENUM_CONVERSION = YES;
				CLANG_WARN_INFINITE_RECURSION = YES;
				CLANG_WARN_INT_CONVERSION = YES;
				CLANG_WARN_NON_LITERAL_NULL_CONVERSION = YES;
				CLANG_WARN_OBJC_IMPLICIT_RETAIN_SELF = YES;
				CLANG_WARN_OBJC_LITERAL_CONVERSION = YES;
				CLANG_WARN_OBJC_ROOT_CLASS = YES_ERROR;
				CLANG_WARN_QUOTED_INCLUDE_IN_FRAMEWORK_HEADER = YES;
				CLANG_WARN_RANGE_LOOP_ANALYSIS = YES;
				CLANG_WARN_STRICT_PROTOTYPES = YES;
				CLANG_WARN_SUSPICIOUS_MOVE = YES;
				CLANG_WARN_UNGUARDED_AVAILABILITY = YES_AGGRESSIVE;
				CLANG_WARN_UNREACHABLE_CODE = YES;
				CLANG_WARN__DUPLICATE_METHOD_MATCH = YES;
				COPY_PHASE_STRIP = NO;
				DEBUG_INFORMATION_FORMAT = "dwarf-with-dsym";
				ENABLE_NS_ASSERTIONS = NO;
				ENABLE_STRICT_OBJC_MSGSEND = YES;
				ENABLE_USER_SCRIPT_SANDBOXING = YES;
				GCC_C_LANGUAGE_STANDARD = gnu17;
				GCC_NO_COMMON_BLOCKS = YES;
				GCC_WARN_64_TO_32_BIT_CONVERSION = YES;
				GCC_WARN_ABOUT_RETURN_TYPE = YES_ERROR;
				GCC_WARN_UNDECLARED_SELECTOR = YES;
				GCC_WARN_UNINITIALIZED_AUTOS = YES_AGGRESSIVE;
				GCC_WARN_UNUSED_FUNCTION = YES;
				GCC_WARN_UNUSED_VARIABLE = YES;
				IPHONEOS_DEPLOYMENT_TARGET = 17.0;
				LOCALIZATION_PREFERS_STRING_CATALOGS = YES;
				MTL_ENABLE_DEBUG_INFO = NO;
				MTL_FAST_MATH = YES;
				SDKROOT = iphoneos;
				SWIFT_COMPILATION_MODE = wholemodule;
				VALIDATE_PRODUCT = YES;
			};
			name = Release;
		};
		004B8ED82AEDE02A00C1CB54 /* Debug */ = {
			isa = XCBuildConfiguration;
			buildSettings = {
				ASSETCATALOG_COMPILER_APPICON_NAME = AppIcon;
				ASSETCATALOG_COMPILER_GLOBAL_ACCENT_COLOR_NAME = AccentColor;
				CODE_SIGN_STYLE = Automatic;
				CURRENT_PROJECT_VERSION = 1;
				DEVELOPMENT_ASSET_PATHS = "\"test/Preview Content\"";
				DEVELOPMENT_TEAM = VV749UCCN4;
				ENABLE_PREVIEWS = YES;
				GENERATE_INFOPLIST_FILE = YES;
				INFOPLIST_KEY_UIApplicationSceneManifest_Generation = YES;
				INFOPLIST_KEY_UIApplicationSupportsIndirectInputEvents = YES;
				INFOPLIST_KEY_UILaunchScreen_Generation = YES;
				INFOPLIST_KEY_UISupportedInterfaceOrientations_iPad = "UIInterfaceOrientationPortrait UIInterfaceOrientationPortraitUpsideDown UIInterfaceOrientationLandscapeLeft UIInterfaceOrientationLandscapeRight";
				INFOPLIST_KEY_UISupportedInterfaceOrientations_iPhone = "UIInterfaceOrientationPortrait UIInterfaceOrientationLandscapeLeft UIInterfaceOrientationLandscapeRight";
				LD_RUNPATH_SEARCH_PATHS = (
					"$(inherited)",
					"@executable_path/Frameworks",
				);
				MARKETING_VERSION = 1.0;
				PRODUCT_BUNDLE_IDENTIFIER = "Yanyi-Chen.test";
				PRODUCT_NAME = "$(TARGET_NAME)";
				SWIFT_EMIT_LOC_STRINGS = YES;
				SWIFT_VERSION = 5.0;
				TARGETED_DEVICE_FAMILY = "1,2";
			};
			name = Debug;
		};
		004B8ED92AEDE02A00C1CB54 /* Release */ = {
			isa = XCBuildConfiguration;
			buildSettings = {
				ASSETCATALOG_COMPILER_APPICON_NAME = AppIcon;
				ASSETCATALOG_COMPILER_GLOBAL_ACCENT_COLOR_NAME = AccentColor;
				CODE_SIGN_STYLE = Automatic;
				CURRENT_PROJECT_VERSION = 1;
				DEVELOPMENT_ASSET_PATHS = "\"test/Preview Content\"";
				DEVELOPMENT_TEAM = VV749UCCN4;
				ENABLE_PREVIEWS = YES;
				GENERATE_INFOPLIST_FILE = YES;
				INFOPLIST_KEY_UIApplicationSceneManifest_Generation = YES;
				INFOPLIST_KEY_UIApplicationSupportsIndirectInputEvents = YES;
				INFOPLIST_KEY_UILaunchScreen_Generation = YES;
				INFOPLIST_KEY_UISupportedInterfaceOrientations_iPad = "UIInterfaceOrientationPortrait UIInterfaceOrientationPortraitUpsideDown UIInterfaceOrientationLandscapeLeft UIInterfaceOrientationLandscapeRight";
				INFOPLIST_KEY_UISupportedInterfaceOrientations_iPhone = "UIInterfaceOrientationPortrait UIInterfaceOrientationLandscapeLeft UIInterfaceOrientationLandscapeRight";
				LD_RUNPATH_SEARCH_PATHS = (
					"$(inherited)",
					"@executable_path/Frameworks",
				);
				MARKETING_VERSION = 1.0;
				PRODUCT_BUNDLE_IDENTIFIER = "Yanyi-Chen.test";
				PRODUCT_NAME = "$(TARGET_NAME)";
				SWIFT_EMIT_LOC_STRINGS = YES;
				SWIFT_VERSION = 5.0;
				TARGETED_DEVICE_FAMILY = "1,2";
			};
			name = Release;
		};
		004B8EDB2AEDE02A00C1CB54 /* Debug */ = {
			isa = XCBuildConfiguration;
			buildSettings = {
				ALWAYS_EMBED_SWIFT_STANDARD_LIBRARIES = YES;
				BUNDLE_LOADER = "$(TEST_HOST)";
				CODE_SIGN_STYLE = Automatic;
				CURRENT_PROJECT_VERSION = 1;
				DEVELOPMENT_TEAM = VV749UCCN4;
				GENERATE_INFOPLIST_FILE = YES;
				IPHONEOS_DEPLOYMENT_TARGET = 17.0;
				MARKETING_VERSION = 1.0;
				PRODUCT_BUNDLE_IDENTIFIER = "Yanyi-Chen.testTests";
				PRODUCT_NAME = "$(TARGET_NAME)";
				SWIFT_EMIT_LOC_STRINGS = NO;
				SWIFT_VERSION = 5.0;
				TARGETED_DEVICE_FAMILY = "1,2";
				TEST_HOST = "$(BUILT_PRODUCTS_DIR)/test.app/$(BUNDLE_EXECUTABLE_FOLDER_PATH)/test";
			};
			name = Debug;
		};
		004B8EDC2AEDE02A00C1CB54 /* Release */ = {
			isa = XCBuildConfiguration;
			buildSettings = {
				ALWAYS_EMBED_SWIFT_STANDARD_LIBRARIES = YES;
				BUNDLE_LOADER = "$(TEST_HOST)";
				CODE_SIGN_STYLE = Automatic;
				CURRENT_PROJECT_VERSION = 1;
				DEVELOPMENT_TEAM = VV749UCCN4;
				GENERATE_INFOPLIST_FILE = YES;
				IPHONEOS_DEPLOYMENT_TARGET = 17.0;
				MARKETING_VERSION = 1.0;
				PRODUCT_BUNDLE_IDENTIFIER = "Yanyi-Chen.testTests";
				PRODUCT_NAME = "$(TARGET_NAME)";
				SWIFT_EMIT_LOC_STRINGS = NO;
				SWIFT_VERSION = 5.0;
				TARGETED_DEVICE_FAMILY = "1,2";
				TEST_HOST = "$(BUILT_PRODUCTS_DIR)/test.app/$(BUNDLE_EXECUTABLE_FOLDER_PATH)/test";
			};
			name = Release;
		};
		004B8EDE2AEDE02A00C1CB54 /* Debug */ = {
			isa = XCBuildConfiguration;
			buildSettings = {
				ALWAYS_EMBED_SWIFT_STANDARD_LIBRARIES = YES;
				CODE_SIGN_STYLE = Automatic;
				CURRENT_PROJECT_VERSION = 1;
				DEVELOPMENT_TEAM = VV749UCCN4;
				GENERATE_INFOPLIST_FILE = YES;
				MARKETING_VERSION = 1.0;
				PRODUCT_BUNDLE_IDENTIFIER = "Yanyi-Chen.testUITests";
				PRODUCT_NAME = "$(TARGET_NAME)";
				SWIFT_EMIT_LOC_STRINGS = NO;
				SWIFT_VERSION = 5.0;
				TARGETED_DEVICE_FAMILY = "1,2";
				TEST_TARGET_NAME = test;
			};
			name = Debug;
		};
		004B8EDF2AEDE02A00C1CB54 /* Release */ = {
			isa = XCBuildConfiguration;
			buildSettings = {
				ALWAYS_EMBED_SWIFT_STANDARD_LIBRARIES = YES;
				CODE_SIGN_STYLE = Automatic;
				CURRENT_PROJECT_VERSION = 1;
				DEVELOPMENT_TEAM = VV749UCCN4;
				GENERATE_INFOPLIST_FILE = YES;
				MARKETING_VERSION = 1.0;
				PRODUCT_BUNDLE_IDENTIFIER = "Yanyi-Chen.testUITests";
				PRODUCT_NAME = "$(TARGET_NAME)";
				SWIFT_EMIT_LOC_STRINGS = NO;
				SWIFT_VERSION = 5.0;
				TARGETED_DEVICE_FAMILY = "1,2";
				TEST_TARGET_NAME = test;
			};
			name = Release;
		};
/* End XCBuildConfiguration section */

/* Begin XCConfigurationList section */
		004B8EAE2AEDE02600C1CB54 /* Build configuration list for PBXProject "test" */ = {
			isa = XCConfigurationList;
			buildConfigurations = (
				004B8ED52AEDE02A00C1CB54 /* Debug */,
				004B8ED62AEDE02A00C1CB54 /* Release */,
			);
			defaultConfigurationIsVisible = 0;
			defaultConfigurationName = Release;
		};
		004B8ED72AEDE02A00C1CB54 /* Build configuration list for PBXNativeTarget "test" */ = {
			isa = XCConfigurationList;
			buildConfigurations = (
				004B8ED82AEDE02A00C1CB54 /* Debug */,
				004B8ED92AEDE02A00C1CB54 /* Release */,
			);
			defaultConfigurationIsVisible = 0;
			defaultConfigurationName = Release;
		};
		004B8EDA2AEDE02A00C1CB54 /* Build configuration list for PBXNativeTarget "testTests" */ = {
			isa = XCConfigurationList;
			buildConfigurations = (
				004B8EDB2AEDE02A00C1CB54 /* Debug */,
				004B8EDC2AEDE02A00C1CB54 /* Release */,
			);
			defaultConfigurationIsVisible = 0;
			defaultConfigurationName = Release;
		};
		004B8EDD2AEDE02A00C1CB54 /* Build configuration list for PBXNativeTarget "testUITests" */ = {
			isa = XCConfigurationList;
			buildConfigurations = (
				004B8EDE2AEDE02A00C1CB54 /* Debug */,
				004B8EDF2AEDE02A00C1CB54 /* Release */,
			);
			defaultConfigurationIsVisible = 0;
			defaultConfigurationName = Release;
		};
/* End XCConfigurationList section */
	};
	rootObject = 004B8EAB2AEDE02600C1CB54 /* Project object */;
}
